// !$*UTF8*$!
{
	archiveVersion = 1;
	classes = {
	};
	objectVersion = 50;
	objects = {

/* Begin PBXBuildFile section */
		04E8F51A55337AA2DF2EA9CC /* Pods_LeagueHelper.framework in Frameworks */ = {isa = PBXBuildFile; fileRef = 40D9D4341FC393A605D89EC3 /* Pods_LeagueHelper.framework */; };
		DD0C6784219DC42200801CA8 /* ChampionViewController.swift in Sources */ = {isa = PBXBuildFile; fileRef = DD0C6783219DC42100801CA8 /* ChampionViewController.swift */; };
		DD7080A521943A1600BDAAE6 /* DataDragonRouter.swift in Sources */ = {isa = PBXBuildFile; fileRef = DD7080A421943A1500BDAAE6 /* DataDragonRouter.swift */; };
		DD7080A721946A0600BDAAE6 /* RealmController.swift in Sources */ = {isa = PBXBuildFile; fileRef = DD7080A621946A0600BDAAE6 /* RealmController.swift */; };
		DD7080A921946C4800BDAAE6 /* Version.swift in Sources */ = {isa = PBXBuildFile; fileRef = DD7080A821946C4800BDAAE6 /* Version.swift */; };
		DD7134CA218B0BD200C5A3FA /* LeagueRouter.swift in Sources */ = {isa = PBXBuildFile; fileRef = DD7134C9218B0BD200C5A3FA /* LeagueRouter.swift */; };
		DD7134CC218B1ACC00C5A3FA /* Summoner.swift in Sources */ = {isa = PBXBuildFile; fileRef = DD7134CB218B1ACC00C5A3FA /* Summoner.swift */; };
		DD7FB698218F9F1800F6E83D /* ChampionsTableViewController.swift in Sources */ = {isa = PBXBuildFile; fileRef = DD7FB697218F9F1800F6E83D /* ChampionsTableViewController.swift */; };
		DD7FB69B218FA0EE00F6E83D /* ChampionsResponse.swift in Sources */ = {isa = PBXBuildFile; fileRef = DD7FB69A218FA0EE00F6E83D /* ChampionsResponse.swift */; };
		DD7FB69D218FA18B00F6E83D /* Champion.swift in Sources */ = {isa = PBXBuildFile; fileRef = DD7FB69C218FA18B00F6E83D /* Champion.swift */; };
		DD7FB69F218FA26100F6E83D /* Image.swift in Sources */ = {isa = PBXBuildFile; fileRef = DD7FB69E218FA26100F6E83D /* Image.swift */; };
		DD7FB6A1218FA30100F6E83D /* ChampionTableViewCell.swift in Sources */ = {isa = PBXBuildFile; fileRef = DD7FB6A0218FA30100F6E83D /* ChampionTableViewCell.swift */; };
		DD7FB6A3218FA73300F6E83D /* DataDragonController.swift in Sources */ = {isa = PBXBuildFile; fileRef = DD7FB6A2218FA73300F6E83D /* DataDragonController.swift */; };
		DDB7215B2181C0A2003B4341 /* AppDelegate.swift in Sources */ = {isa = PBXBuildFile; fileRef = DDB7215A2181C0A2003B4341 /* AppDelegate.swift */; };
		DDB721602181C0A2003B4341 /* Main.storyboard in Resources */ = {isa = PBXBuildFile; fileRef = DDB7215E2181C0A2003B4341 /* Main.storyboard */; };
		DDB721622181C0A3003B4341 /* Assets.xcassets in Resources */ = {isa = PBXBuildFile; fileRef = DDB721612181C0A3003B4341 /* Assets.xcassets */; };
		DDB721652181C0A3003B4341 /* LaunchScreen.storyboard in Resources */ = {isa = PBXBuildFile; fileRef = DDB721632181C0A3003B4341 /* LaunchScreen.storyboard */; };
		DDB721732181EF2A003B4341 /* ProfileViewController.swift in Sources */ = {isa = PBXBuildFile; fileRef = DDB721722181EF2A003B4341 /* ProfileViewController.swift */; };
		DDB721762181EFE5003B4341 /* SetupViewController.swift in Sources */ = {isa = PBXBuildFile; fileRef = DDB721752181EFE5003B4341 /* SetupViewController.swift */; };
		DDB721782181FB72003B4341 /* SummonerController.swift in Sources */ = {isa = PBXBuildFile; fileRef = DDB721772181FB72003B4341 /* SummonerController.swift */; };
		DDE8EE7521A6B5A00051EF79 /* LeaguePosition.swift in Sources */ = {isa = PBXBuildFile; fileRef = DDE8EE7421A6B5A00051EF79 /* LeaguePosition.swift */; };
/* End PBXBuildFile section */

/* Begin PBXFileReference section */
		40D9D4341FC393A605D89EC3 /* Pods_LeagueHelper.framework */ = {isa = PBXFileReference; explicitFileType = wrapper.framework; includeInIndex = 0; path = Pods_LeagueHelper.framework; sourceTree = BUILT_PRODUCTS_DIR; };
		D10A2DA13DA90E31BC731376 /* Pods-LeagueHelper.release.xcconfig */ = {isa = PBXFileReference; includeInIndex = 1; lastKnownFileType = text.xcconfig; name = "Pods-LeagueHelper.release.xcconfig"; path = "Pods/Target Support Files/Pods-LeagueHelper/Pods-LeagueHelper.release.xcconfig"; sourceTree = "<group>"; };
		DD0C6783219DC42100801CA8 /* ChampionViewController.swift */ = {isa = PBXFileReference; lastKnownFileType = sourcecode.swift; path = ChampionViewController.swift; sourceTree = "<group>"; };
		DD7080A421943A1500BDAAE6 /* DataDragonRouter.swift */ = {isa = PBXFileReference; lastKnownFileType = sourcecode.swift; path = DataDragonRouter.swift; sourceTree = "<group>"; };
		DD7080A621946A0600BDAAE6 /* RealmController.swift */ = {isa = PBXFileReference; lastKnownFileType = sourcecode.swift; path = RealmController.swift; sourceTree = "<group>"; };
		DD7080A821946C4800BDAAE6 /* Version.swift */ = {isa = PBXFileReference; lastKnownFileType = sourcecode.swift; path = Version.swift; sourceTree = "<group>"; };
		DD7134C9218B0BD200C5A3FA /* LeagueRouter.swift */ = {isa = PBXFileReference; lastKnownFileType = sourcecode.swift; path = LeagueRouter.swift; sourceTree = "<group>"; };
		DD7134CB218B1ACC00C5A3FA /* Summoner.swift */ = {isa = PBXFileReference; lastKnownFileType = sourcecode.swift; path = Summoner.swift; sourceTree = "<group>"; };
		DD7FB697218F9F1800F6E83D /* ChampionsTableViewController.swift */ = {isa = PBXFileReference; lastKnownFileType = sourcecode.swift; path = ChampionsTableViewController.swift; sourceTree = "<group>"; };
		DD7FB69A218FA0EE00F6E83D /* ChampionsResponse.swift */ = {isa = PBXFileReference; lastKnownFileType = sourcecode.swift; path = ChampionsResponse.swift; sourceTree = "<group>"; };
		DD7FB69C218FA18B00F6E83D /* Champion.swift */ = {isa = PBXFileReference; lastKnownFileType = sourcecode.swift; path = Champion.swift; sourceTree = "<group>"; };
		DD7FB69E218FA26100F6E83D /* Image.swift */ = {isa = PBXFileReference; lastKnownFileType = sourcecode.swift; path = Image.swift; sourceTree = "<group>"; };
		DD7FB6A0218FA30100F6E83D /* ChampionTableViewCell.swift */ = {isa = PBXFileReference; lastKnownFileType = sourcecode.swift; path = ChampionTableViewCell.swift; sourceTree = "<group>"; };
		DD7FB6A2218FA73300F6E83D /* DataDragonController.swift */ = {isa = PBXFileReference; lastKnownFileType = sourcecode.swift; path = DataDragonController.swift; sourceTree = "<group>"; };
		DDB721572181C0A2003B4341 /* LeagueHelper.app */ = {isa = PBXFileReference; explicitFileType = wrapper.application; includeInIndex = 0; path = LeagueHelper.app; sourceTree = BUILT_PRODUCTS_DIR; };
		DDB7215A2181C0A2003B4341 /* AppDelegate.swift */ = {isa = PBXFileReference; lastKnownFileType = sourcecode.swift; path = AppDelegate.swift; sourceTree = "<group>"; };
		DDB7215F2181C0A2003B4341 /* Base */ = {isa = PBXFileReference; lastKnownFileType = file.storyboard; name = Base; path = Base.lproj/Main.storyboard; sourceTree = "<group>"; };
		DDB721612181C0A3003B4341 /* Assets.xcassets */ = {isa = PBXFileReference; lastKnownFileType = folder.assetcatalog; path = Assets.xcassets; sourceTree = "<group>"; };
		DDB721642181C0A3003B4341 /* Base */ = {isa = PBXFileReference; lastKnownFileType = file.storyboard; name = Base; path = Base.lproj/LaunchScreen.storyboard; sourceTree = "<group>"; };
		DDB721662181C0A3003B4341 /* Info.plist */ = {isa = PBXFileReference; lastKnownFileType = text.plist.xml; path = Info.plist; sourceTree = "<group>"; };
		DDB721722181EF2A003B4341 /* ProfileViewController.swift */ = {isa = PBXFileReference; lastKnownFileType = sourcecode.swift; path = ProfileViewController.swift; sourceTree = "<group>"; };
		DDB721752181EFE5003B4341 /* SetupViewController.swift */ = {isa = PBXFileReference; lastKnownFileType = sourcecode.swift; path = SetupViewController.swift; sourceTree = "<group>"; };
		DDB721772181FB72003B4341 /* SummonerController.swift */ = {isa = PBXFileReference; lastKnownFileType = sourcecode.swift; path = SummonerController.swift; sourceTree = "<group>"; };
		DDE8EE7421A6B5A00051EF79 /* LeaguePosition.swift */ = {isa = PBXFileReference; lastKnownFileType = sourcecode.swift; path = LeaguePosition.swift; sourceTree = "<group>"; };
		FF9E8414E42034CF903875DF /* Pods-LeagueHelper.debug.xcconfig */ = {isa = PBXFileReference; includeInIndex = 1; lastKnownFileType = text.xcconfig; name = "Pods-LeagueHelper.debug.xcconfig"; path = "Pods/Target Support Files/Pods-LeagueHelper/Pods-LeagueHelper.debug.xcconfig"; sourceTree = "<group>"; };
/* End PBXFileReference section */

/* Begin PBXFrameworksBuildPhase section */
		DDB721542181C0A2003B4341 /* Frameworks */ = {
			isa = PBXFrameworksBuildPhase;
			buildActionMask = 2147483647;
			files = (
				04E8F51A55337AA2DF2EA9CC /* Pods_LeagueHelper.framework in Frameworks */,
			);
			runOnlyForDeploymentPostprocessing = 0;
		};
/* End PBXFrameworksBuildPhase section */

/* Begin PBXGroup section */
		1865E494BC1FC7741FCDBB22 /* Frameworks */ = {
			isa = PBXGroup;
			children = (
				40D9D4341FC393A605D89EC3 /* Pods_LeagueHelper.framework */,
			);
			name = Frameworks;
			sourceTree = "<group>";
		};
		9AC252FC25948BCA353E4B4C /* Pods */ = {
			isa = PBXGroup;
			children = (
				FF9E8414E42034CF903875DF /* Pods-LeagueHelper.debug.xcconfig */,
				D10A2DA13DA90E31BC731376 /* Pods-LeagueHelper.release.xcconfig */,
			);
			name = Pods;
			sourceTree = "<group>";
		};
		DD7FB696218F9EDC00F6E83D /* champions */ = {
			isa = PBXGroup;
			children = (
				DD7FB697218F9F1800F6E83D /* ChampionsTableViewController.swift */,
				DD7FB6A0218FA30100F6E83D /* ChampionTableViewCell.swift */,
				DD0C6783219DC42100801CA8 /* ChampionViewController.swift */,
			);
			path = champions;
			sourceTree = "<group>";
		};
		DD7FB699218FA0C900F6E83D /* champion */ = {
			isa = PBXGroup;
			children = (
				DD7FB69A218FA0EE00F6E83D /* ChampionsResponse.swift */,
				DD7FB69C218FA18B00F6E83D /* Champion.swift */,
				DD7FB69E218FA26100F6E83D /* Image.swift */,
			);
			path = champion;
			sourceTree = "<group>";
		};
		DDB7214E2181C0A2003B4341 = {
			isa = PBXGroup;
			children = (
				DDB721592181C0A2003B4341 /* LeagueHelper */,
				DDB721582181C0A2003B4341 /* Products */,
				9AC252FC25948BCA353E4B4C /* Pods */,
				1865E494BC1FC7741FCDBB22 /* Frameworks */,
			);
			sourceTree = "<group>";
		};
		DDB721582181C0A2003B4341 /* Products */ = {
			isa = PBXGroup;
			children = (
				DDB721572181C0A2003B4341 /* LeagueHelper.app */,
			);
			name = Products;
			sourceTree = "<group>";
		};
		DDB721592181C0A2003B4341 /* LeagueHelper */ = {
			isa = PBXGroup;
			children = (
				DDB721702181EA44003B4341 /* controllers */,
				DDB7216F2181EA1D003B4341 /* pages */,
				DDB7216E2181EA15003B4341 /* models */,
				DDB7216D2181E9DC003B4341 /* supportfiles */,
				DDB7216C2181E9C9003B4341 /* api */,
			);
			path = LeagueHelper;
			sourceTree = "<group>";
		};
		DDB7216C2181E9C9003B4341 /* api */ = {
			isa = PBXGroup;
			children = (
				DD7134C9218B0BD200C5A3FA /* LeagueRouter.swift */,
				DD7080A421943A1500BDAAE6 /* DataDragonRouter.swift */,
			);
			path = api;
			sourceTree = "<group>";
		};
		DDB7216D2181E9DC003B4341 /* supportfiles */ = {
			isa = PBXGroup;
			children = (
				DDB7215E2181C0A2003B4341 /* Main.storyboard */,
				DDB721612181C0A3003B4341 /* Assets.xcassets */,
				DDB721632181C0A3003B4341 /* LaunchScreen.storyboard */,
				DDB721662181C0A3003B4341 /* Info.plist */,
				DDB7215A2181C0A2003B4341 /* AppDelegate.swift */,
			);
			path = supportfiles;
			sourceTree = "<group>";
		};
		DDB7216E2181EA15003B4341 /* models */ = {
			isa = PBXGroup;
			children = (
				DD7FB699218FA0C900F6E83D /* champion */,
				DD7134CB218B1ACC00C5A3FA /* Summoner.swift */,
				DD7080A821946C4800BDAAE6 /* Version.swift */,
				DDE8EE7421A6B5A00051EF79 /* LeaguePosition.swift */,
			);
			path = models;
			sourceTree = "<group>";
		};
		DDB7216F2181EA1D003B4341 /* pages */ = {
			isa = PBXGroup;
			children = (
				DD7FB696218F9EDC00F6E83D /* champions */,
				DDB721742181EF71003B4341 /* setup */,
				DDB721712181EED5003B4341 /* profile */,
			);
			path = pages;
			sourceTree = "<group>";
		};
		DDB721702181EA44003B4341 /* controllers */ = {
			isa = PBXGroup;
			children = (
				DD7FB6A2218FA73300F6E83D /* DataDragonController.swift */,
				DDB721772181FB72003B4341 /* SummonerController.swift */,
				DD7080A621946A0600BDAAE6 /* RealmController.swift */,
			);
			path = controllers;
			sourceTree = "<group>";
		};
		DDB721712181EED5003B4341 /* profile */ = {
			isa = PBXGroup;
			children = (
				DDB721722181EF2A003B4341 /* ProfileViewController.swift */,
			);
			path = profile;
			sourceTree = "<group>";
		};
		DDB721742181EF71003B4341 /* setup */ = {
			isa = PBXGroup;
			children = (
				DDB721752181EFE5003B4341 /* SetupViewController.swift */,
			);
			path = setup;
			sourceTree = "<group>";
		};
/* End PBXGroup section */

/* Begin PBXNativeTarget section */
		DDB721562181C0A2003B4341 /* LeagueHelper */ = {
			isa = PBXNativeTarget;
			buildConfigurationList = DDB721692181C0A3003B4341 /* Build configuration list for PBXNativeTarget "LeagueHelper" */;
			buildPhases = (
				02E81664E7C1142102E2E82B /* [CP] Check Pods Manifest.lock */,
				DDB721532181C0A2003B4341 /* Sources */,
				DDB721542181C0A2003B4341 /* Frameworks */,
				DDB721552181C0A2003B4341 /* Resources */,
				A7ABA17BEE3E5E47526F99D0 /* [CP] Embed Pods Frameworks */,
			);
			buildRules = (
			);
			dependencies = (
			);
			name = LeagueHelper;
			productName = LeagueHelper;
			productReference = DDB721572181C0A2003B4341 /* LeagueHelper.app */;
			productType = "com.apple.product-type.application";
		};
/* End PBXNativeTarget section */

/* Begin PBXProject section */
		DDB7214F2181C0A2003B4341 /* Project object */ = {
			isa = PBXProject;
			attributes = {
				LastSwiftUpdateCheck = 1000;
				LastUpgradeCheck = 1000;
				ORGANIZATIONNAME = "Frederik Buur";
				TargetAttributes = {
					DDB721562181C0A2003B4341 = {
						CreatedOnToolsVersion = 10.0;
					};
				};
			};
			buildConfigurationList = DDB721522181C0A2003B4341 /* Build configuration list for PBXProject "LeagueHelper" */;
			compatibilityVersion = "Xcode 9.3";
			developmentRegion = en;
			hasScannedForEncodings = 0;
			knownRegions = (
				en,
				Base,
			);
			mainGroup = DDB7214E2181C0A2003B4341;
			productRefGroup = DDB721582181C0A2003B4341 /* Products */;
			projectDirPath = "";
			projectRoot = "";
			targets = (
				DDB721562181C0A2003B4341 /* LeagueHelper */,
			);
		};
/* End PBXProject section */

/* Begin PBXResourcesBuildPhase section */
		DDB721552181C0A2003B4341 /* Resources */ = {
			isa = PBXResourcesBuildPhase;
			buildActionMask = 2147483647;
			files = (
				DDB721652181C0A3003B4341 /* LaunchScreen.storyboard in Resources */,
				DDB721622181C0A3003B4341 /* Assets.xcassets in Resources */,
				DDB721602181C0A2003B4341 /* Main.storyboard in Resources */,
			);
			runOnlyForDeploymentPostprocessing = 0;
		};
/* End PBXResourcesBuildPhase section */

/* Begin PBXShellScriptBuildPhase section */
		02E81664E7C1142102E2E82B /* [CP] Check Pods Manifest.lock */ = {
			isa = PBXShellScriptBuildPhase;
			buildActionMask = 2147483647;
			files = (
			);
			inputFileListPaths = (
			);
			inputPaths = (
				"${PODS_PODFILE_DIR_PATH}/Podfile.lock",
				"${PODS_ROOT}/Manifest.lock",
			);
			name = "[CP] Check Pods Manifest.lock";
			outputFileListPaths = (
			);
			outputPaths = (
				"$(DERIVED_FILE_DIR)/Pods-LeagueHelper-checkManifestLockResult.txt",
			);
			runOnlyForDeploymentPostprocessing = 0;
			shellPath = /bin/sh;
			shellScript = "diff \"${PODS_PODFILE_DIR_PATH}/Podfile.lock\" \"${PODS_ROOT}/Manifest.lock\" > /dev/null\nif [ $? != 0 ] ; then\n    # print error to STDERR\n    echo \"error: The sandbox is not in sync with the Podfile.lock. Run 'pod install' or update your CocoaPods installation.\" >&2\n    exit 1\nfi\n# This output is used by Xcode 'outputs' to avoid re-running this script phase.\necho \"SUCCESS\" > \"${SCRIPT_OUTPUT_FILE_0}\"\n";
			showEnvVarsInLog = 0;
		};
		A7ABA17BEE3E5E47526F99D0 /* [CP] Embed Pods Frameworks */ = {
			isa = PBXShellScriptBuildPhase;
			buildActionMask = 2147483647;
			files = (
			);
			inputFileListPaths = (
			);
			inputPaths = (
				"${SRCROOT}/Pods/Target Support Files/Pods-LeagueHelper/Pods-LeagueHelper-frameworks.sh",
				"${BUILT_PRODUCTS_DIR}/Alamofire/Alamofire.framework",
				"${BUILT_PRODUCTS_DIR}/Realm/Realm.framework",
				"${BUILT_PRODUCTS_DIR}/RealmSwift/RealmSwift.framework",
				"${BUILT_PRODUCTS_DIR}/RxAlamofire/RxAlamofire.framework",
				"${BUILT_PRODUCTS_DIR}/RxCocoa/RxCocoa.framework",
				"${BUILT_PRODUCTS_DIR}/RxRealm/RxRealm.framework",
				"${BUILT_PRODUCTS_DIR}/RxSwift/RxSwift.framework",
				"${BUILT_PRODUCTS_DIR}/RxSwiftExt/RxSwiftExt.framework",
				"${BUILT_PRODUCTS_DIR}/SDWebImage/SDWebImage.framework",
				"${BUILT_PRODUCTS_DIR}/SwiftyJSON/SwiftyJSON.framework",
			);
			name = "[CP] Embed Pods Frameworks";
			outputFileListPaths = (
			);
			outputPaths = (
				"${TARGET_BUILD_DIR}/${FRAMEWORKS_FOLDER_PATH}/Alamofire.framework",
				"${TARGET_BUILD_DIR}/${FRAMEWORKS_FOLDER_PATH}/Realm.framework",
				"${TARGET_BUILD_DIR}/${FRAMEWORKS_FOLDER_PATH}/RealmSwift.framework",
				"${TARGET_BUILD_DIR}/${FRAMEWORKS_FOLDER_PATH}/RxAlamofire.framework",
				"${TARGET_BUILD_DIR}/${FRAMEWORKS_FOLDER_PATH}/RxCocoa.framework",
				"${TARGET_BUILD_DIR}/${FRAMEWORKS_FOLDER_PATH}/RxRealm.framework",
				"${TARGET_BUILD_DIR}/${FRAMEWORKS_FOLDER_PATH}/RxSwift.framework",
				"${TARGET_BUILD_DIR}/${FRAMEWORKS_FOLDER_PATH}/RxSwiftExt.framework",
				"${TARGET_BUILD_DIR}/${FRAMEWORKS_FOLDER_PATH}/SDWebImage.framework",
				"${TARGET_BUILD_DIR}/${FRAMEWORKS_FOLDER_PATH}/SwiftyJSON.framework",
			);
			runOnlyForDeploymentPostprocessing = 0;
			shellPath = /bin/sh;
			shellScript = "\"${SRCROOT}/Pods/Target Support Files/Pods-LeagueHelper/Pods-LeagueHelper-frameworks.sh\"\n";
			showEnvVarsInLog = 0;
		};
/* End PBXShellScriptBuildPhase section */

/* Begin PBXSourcesBuildPhase section */
		DDB721532181C0A2003B4341 /* Sources */ = {
			isa = PBXSourcesBuildPhase;
			buildActionMask = 2147483647;
			files = (
				DDB721732181EF2A003B4341 /* ProfileViewController.swift in Sources */,
				DD7080A921946C4800BDAAE6 /* Version.swift in Sources */,
				DDB721782181FB72003B4341 /* SummonerController.swift in Sources */,
				DD7134CA218B0BD200C5A3FA /* LeagueRouter.swift in Sources */,
				DD7FB69B218FA0EE00F6E83D /* ChampionsResponse.swift in Sources */,
				DD0C6784219DC42200801CA8 /* ChampionViewController.swift in Sources */,
				DD7FB698218F9F1800F6E83D /* ChampionsTableViewController.swift in Sources */,
				DD7080A721946A0600BDAAE6 /* RealmController.swift in Sources */,
				DDB721762181EFE5003B4341 /* SetupViewController.swift in Sources */,
				DD7FB6A3218FA73300F6E83D /* DataDragonController.swift in Sources */,
				DDB7215B2181C0A2003B4341 /* AppDelegate.swift in Sources */,
				DDE8EE7521A6B5A00051EF79 /* LeaguePosition.swift in Sources */,
				DD7134CC218B1ACC00C5A3FA /* Summoner.swift in Sources */,
				DD7FB69D218FA18B00F6E83D /* Champion.swift in Sources */,
				DD7080A521943A1600BDAAE6 /* DataDragonRouter.swift in Sources */,
				DD7FB69F218FA26100F6E83D /* Image.swift in Sources */,
				DD7FB6A1218FA30100F6E83D /* ChampionTableViewCell.swift in Sources */,
			);
			runOnlyForDeploymentPostprocessing = 0;
		};
/* End PBXSourcesBuildPhase section */

/* Begin PBXVariantGroup section */
		DDB7215E2181C0A2003B4341 /* Main.storyboard */ = {
			isa = PBXVariantGroup;
			children = (
				DDB7215F2181C0A2003B4341 /* Base */,
			);
			name = Main.storyboard;
			sourceTree = "<group>";
		};
		DDB721632181C0A3003B4341 /* LaunchScreen.storyboard */ = {
			isa = PBXVariantGroup;
			children = (
				DDB721642181C0A3003B4341 /* Base */,
			);
			name = LaunchScreen.storyboard;
			sourceTree = "<group>";
		};
/* End PBXVariantGroup section */

/* Begin XCBuildConfiguration section */
		DDB721672181C0A3003B4341 /* Debug */ = {
			isa = XCBuildConfiguration;
			buildSettings = {
				ALWAYS_SEARCH_USER_PATHS = NO;
				CLANG_ANALYZER_NONNULL = YES;
				CLANG_ANALYZER_NUMBER_OBJECT_CONVERSION = YES_AGGRESSIVE;
				CLANG_CXX_LANGUAGE_STANDARD = "gnu++14";
				CLANG_CXX_LIBRARY = "libc++";
				CLANG_ENABLE_MODULES = YES;
				CLANG_ENABLE_OBJC_ARC = YES;
				CLANG_ENABLE_OBJC_WEAK = YES;
				CLANG_WARN_BLOCK_CAPTURE_AUTORELEASING = YES;
				CLANG_WARN_BOOL_CONVERSION = YES;
				CLANG_WARN_COMMA = YES;
				CLANG_WARN_CONSTANT_CONVERSION = YES;
				CLANG_WARN_DEPRECATED_OBJC_IMPLEMENTATIONS = YES;
				CLANG_WARN_DIRECT_OBJC_ISA_USAGE = YES_ERROR;
				CLANG_WARN_DOCUMENTATION_COMMENTS = YES;
				CLANG_WARN_EMPTY_BODY = YES;
				CLANG_WARN_ENUM_CONVERSION = YES;
				CLANG_WARN_INFINITE_RECURSION = YES;
				CLANG_WARN_INT_CONVERSION = YES;
				CLANG_WARN_NON_LITERAL_NULL_CONVERSION = YES;
				CLANG_WARN_OBJC_IMPLICIT_RETAIN_SELF = YES;
				CLANG_WARN_OBJC_LITERAL_CONVERSION = YES;
				CLANG_WARN_OBJC_ROOT_CLASS = YES_ERROR;
				CLANG_WARN_RANGE_LOOP_ANALYSIS = YES;
				CLANG_WARN_STRICT_PROTOTYPES = YES;
				CLANG_WARN_SUSPICIOUS_MOVE = YES;
				CLANG_WARN_UNGUARDED_AVAILABILITY = YES_AGGRESSIVE;
				CLANG_WARN_UNREACHABLE_CODE = YES;
				CLANG_WARN__DUPLICATE_METHOD_MATCH = YES;
				CODE_SIGN_IDENTITY = "iPhone Developer";
				COPY_PHASE_STRIP = NO;
				DEBUG_INFORMATION_FORMAT = dwarf;
				ENABLE_STRICT_OBJC_MSGSEND = YES;
				ENABLE_TESTABILITY = YES;
				GCC_C_LANGUAGE_STANDARD = gnu11;
				GCC_DYNAMIC_NO_PIC = NO;
				GCC_NO_COMMON_BLOCKS = YES;
				GCC_OPTIMIZATION_LEVEL = 0;
				GCC_PREPROCESSOR_DEFINITIONS = (
					"DEBUG=1",
					"$(inherited)",
				);
				GCC_WARN_64_TO_32_BIT_CONVERSION = YES;
				GCC_WARN_ABOUT_RETURN_TYPE = YES_ERROR;
				GCC_WARN_UNDECLARED_SELECTOR = YES;
				GCC_WARN_UNINITIALIZED_AUTOS = YES_AGGRESSIVE;
				GCC_WARN_UNUSED_FUNCTION = YES;
				GCC_WARN_UNUSED_VARIABLE = YES;
				IPHONEOS_DEPLOYMENT_TARGET = 12.0;
				MTL_ENABLE_DEBUG_INFO = INCLUDE_SOURCE;
				MTL_FAST_MATH = YES;
				ONLY_ACTIVE_ARCH = YES;
				SDKROOT = iphoneos;
				SWIFT_ACTIVE_COMPILATION_CONDITIONS = DEBUG;
				SWIFT_OPTIMIZATION_LEVEL = "-Onone";
			};
			name = Debug;
		};
		DDB721682181C0A3003B4341 /* Release */ = {
			isa = XCBuildConfiguration;
			buildSettings = {
				ALWAYS_SEARCH_USER_PATHS = NO;
				CLANG_ANALYZER_NONNULL = YES;
				CLANG_ANALYZER_NUMBER_OBJECT_CONVERSION = YES_AGGRESSIVE;
				CLANG_CXX_LANGUAGE_STANDARD = "gnu++14";
				CLANG_CXX_LIBRARY = "libc++";
				CLANG_ENABLE_MODULES = YES;
				CLANG_ENABLE_OBJC_ARC = YES;
				CLANG_ENABLE_OBJC_WEAK = YES;
				CLANG_WARN_BLOCK_CAPTURE_AUTORELEASING = YES;
				CLANG_WARN_BOOL_CONVERSION = YES;
				CLANG_WARN_COMMA = YES;
				CLANG_WARN_CONSTANT_CONVERSION = YES;
				CLANG_WARN_DEPRECATED_OBJC_IMPLEMENTATIONS = YES;
				CLANG_WARN_DIRECT_OBJC_ISA_USAGE = YES_ERROR;
				CLANG_WARN_DOCUMENTATION_COMMENTS = YES;
				CLANG_WARN_EMPTY_BODY = YES;
				CLANG_WARN_ENUM_CONVERSION = YES;
				CLANG_WARN_INFINITE_RECURSION = YES;
				CLANG_WARN_INT_CONVERSION = YES;
				CLANG_WARN_NON_LITERAL_NULL_CONVERSION = YES;
				CLANG_WARN_OBJC_IMPLICIT_RETAIN_SELF = YES;
				CLANG_WARN_OBJC_LITERAL_CONVERSION = YES;
				CLANG_WARN_OBJC_ROOT_CLASS = YES_ERROR;
				CLANG_WARN_RANGE_LOOP_ANALYSIS = YES;
				CLANG_WARN_STRICT_PROTOTYPES = YES;
				CLANG_WARN_SUSPICIOUS_MOVE = YES;
				CLANG_WARN_UNGUARDED_AVAILABILITY = YES_AGGRESSIVE;
				CLANG_WARN_UNREACHABLE_CODE = YES;
				CLANG_WARN__DUPLICATE_METHOD_MATCH = YES;
				CODE_SIGN_IDENTITY = "iPhone Developer";
				COPY_PHASE_STRIP = NO;
				DEBUG_INFORMATION_FORMAT = "dwarf-with-dsym";
				ENABLE_NS_ASSERTIONS = NO;
				ENABLE_STRICT_OBJC_MSGSEND = YES;
				GCC_C_LANGUAGE_STANDARD = gnu11;
				GCC_NO_COMMON_BLOCKS = YES;
				GCC_WARN_64_TO_32_BIT_CONVERSION = YES;
				GCC_WARN_ABOUT_RETURN_TYPE = YES_ERROR;
				GCC_WARN_UNDECLARED_SELECTOR = YES;
				GCC_WARN_UNINITIALIZED_AUTOS = YES_AGGRESSIVE;
				GCC_WARN_UNUSED_FUNCTION = YES;
				GCC_WARN_UNUSED_VARIABLE = YES;
				IPHONEOS_DEPLOYMENT_TARGET = 12.0;
				MTL_ENABLE_DEBUG_INFO = NO;
				MTL_FAST_MATH = YES;
				SDKROOT = iphoneos;
				SWIFT_COMPILATION_MODE = wholemodule;
				SWIFT_OPTIMIZATION_LEVEL = "-O";
				VALIDATE_PRODUCT = YES;
			};
			name = Release;
		};
		DDB7216A2181C0A3003B4341 /* Debug */ = {
			isa = XCBuildConfiguration;
			baseConfigurationReference = FF9E8414E42034CF903875DF /* Pods-LeagueHelper.debug.xcconfig */;
			buildSettings = {
				ASSETCATALOG_COMPILER_APPICON_NAME = AppIcon;
				CODE_SIGN_STYLE = Automatic;
				INFOPLIST_FILE = "$(SRCROOT)/LeagueHelper/supportfiles/Info.plist";
				LD_RUNPATH_SEARCH_PATHS = (
					"$(inherited)",
					"@executable_path/Frameworks",
				);
				PRODUCT_BUNDLE_IDENTIFIER = fredbuur.LeagueHelper;
				PRODUCT_NAME = "$(TARGET_NAME)";
				SWIFT_VERSION = 4.2;
				TARGETED_DEVICE_FAMILY = "1,2";
			};
			name = Debug;
		};
		DDB7216B2181C0A3003B4341 /* Release */ = {
			isa = XCBuildConfiguration;
			baseConfigurationReference = D10A2DA13DA90E31BC731376 /* Pods-LeagueHelper.release.xcconfig */;
			buildSettings = {
				ASSETCATALOG_COMPILER_APPICON_NAME = AppIcon;
				CODE_SIGN_STYLE = Automatic;
				INFOPLIST_FILE = "$(SRCROOT)/LeagueHelper/supportfiles/Info.plist";
				LD_RUNPATH_SEARCH_PATHS = (
					"$(inherited)",
					"@executable_path/Frameworks",
				);
				PRODUCT_BUNDLE_IDENTIFIER = fredbuur.LeagueHelper;
				PRODUCT_NAME = "$(TARGET_NAME)";
				SWIFT_VERSION = 4.2;
				TARGETED_DEVICE_FAMILY = "1,2";
			};
			name = Release;
		};
/* End XCBuildConfiguration section */

/* Begin XCConfigurationList section */
		DDB721522181C0A2003B4341 /* Build configuration list for PBXProject "LeagueHelper" */ = {
			isa = XCConfigurationList;
			buildConfigurations = (
				DDB721672181C0A3003B4341 /* Debug */,
				DDB721682181C0A3003B4341 /* Release */,
			);
			defaultConfigurationIsVisible = 0;
			defaultConfigurationName = Release;
		};
		DDB721692181C0A3003B4341 /* Build configuration list for PBXNativeTarget "LeagueHelper" */ = {
			isa = XCConfigurationList;
			buildConfigurations = (
				DDB7216A2181C0A3003B4341 /* Debug */,
				DDB7216B2181C0A3003B4341 /* Release */,
			);
			defaultConfigurationIsVisible = 0;
			defaultConfigurationName = Release;
		};
/* End XCConfigurationList section */
	};
	rootObject = DDB7214F2181C0A2003B4341 /* Project object */;
}
